
Microsoft Visual Studio Solution File, Format Version 12.00
Project("{FAE04EC0-301F-11D3-BF4B-00C04F79EFBC}") = "Benchy", "src\Benchy\Benchy.csproj", "{4740B417-0F0F-41EF-928F-6F8331BC9EEB}"
EndProject
Global
	GlobalSection(SolutionConfigurationPlatforms) = preSolution
		Debug|Any CPU = Debug|Any CPU
		Release|Any CPU = Release|Any CPU
	EndGlobalSection
	GlobalSection(ProjectConfigurationPlatforms) = postSolution
		{4740B417-0F0F-41EF-928F-6F8331BC9EEB}.Debug|Any CPU.ActiveCfg = Debug|Any CPU
		{4740B417-0F0F-41EF-928F-6F8331BC9EEB}.Debug|Any CPU.Build.0 = Debug|Any CPU
		{4740B417-0F0F-41EF-928F-6F8331BC9EEB}.Release|Any CPU.ActiveCfg = Release|Any CPU
		{4740B417-0F0F-41EF-928F-6F8331BC9EEB}.Release|Any CPU.Build.0 = Release|Any CPU
	EndGlobalSection
EndGlobal
